
Microsoft Visual Studio Solution File, Format Version 12.00
# Visual Studio 15
VisualStudioVersion = 15.0.27205.0
MinimumVisualStudioVersion = 10.0.40219.1
Project("{FAE04EC0-301F-11D3-BF4B-00C04F79EFBC}") = "Core2.Selkie.Services.Aco.Common", "Core2.Selkie.Services.Aco.Common\Core2.Selkie.Services.Aco.Common.csproj", "{7AA9B949-84F3-4FFE-86D1-55A52B149D7F}"
EndProject
Project("{2150E333-8FDC-42A3-9474-1A3956D46DE8}") = "Tests", "Tests", "{B55750CA-B3DA-47D6-A00C-0100A03A6B95}"
EndProject
Project("{FAE04EC0-301F-11D3-BF4B-00C04F79EFBC}") = "Core2.Selkie.Services.Aco.Common.Tests", "Core2.Selkie.Services.Aco.Common.Tests\Core2.Selkie.Services.Aco.Common.Tests.csproj", "{78D7ED97-8770-4DA8-8C1D-A00C1A6DE262}"
EndProject
Global
	GlobalSection(SolutionConfigurationPlatforms) = preSolution
		Debug|Any CPU = Debug|Any CPU
		Release|Any CPU = Release|Any CPU
	EndGlobalSection
	GlobalSection(ProjectConfigurationPlatforms) = postSolution
		{7AA9B949-84F3-4FFE-86D1-55A52B149D7F}.Debug|Any CPU.ActiveCfg = Debug|Any CPU
		{7AA9B949-84F3-4FFE-86D1-55A52B149D7F}.Debug|Any CPU.Build.0 = Debug|Any CPU
		{7AA9B949-84F3-4FFE-86D1-55A52B149D7F}.Release|Any CPU.ActiveCfg = Release|Any CPU
		{7AA9B949-84F3-4FFE-86D1-55A52B149D7F}.Release|Any CPU.Build.0 = Release|Any CPU
		{78D7ED97-8770-4DA8-8C1D-A00C1A6DE262}.Debug|Any CPU.ActiveCfg = Debug|Any CPU
		{78D7ED97-8770-4DA8-8C1D-A00C1A6DE262}.Debug|Any CPU.Build.0 = Debug|Any CPU
		{78D7ED97-8770-4DA8-8C1D-A00C1A6DE262}.Release|Any CPU.ActiveCfg = Release|Any CPU
		{78D7ED97-8770-4DA8-8C1D-A00C1A6DE262}.Release|Any CPU.Build.0 = Release|Any CPU
	EndGlobalSection
	GlobalSection(SolutionProperties) = preSolution
		HideSolutionNode = FALSE
	EndGlobalSection
	GlobalSection(NestedProjects) = preSolution
		{78D7ED97-8770-4DA8-8C1D-A00C1A6DE262} = {B55750CA-B3DA-47D6-A00C-0100A03A6B95}
	EndGlobalSection
	GlobalSection(ExtensibilityGlobals) = postSolution
		SolutionGuid = {4B959D17-8FAE-4930-B720-8B533AAF4581}
	EndGlobalSection
EndGlobal
