
Microsoft Visual Studio Solution File, Format Version 12.00
# Visual Studio 2013
VisualStudioVersion = 12.0.31101.0
MinimumVisualStudioVersion = 10.0.40219.1
Project("{FAE04EC0-301F-11D3-BF4B-00C04F79EFBC}") = "Selkie.Services.Aco.Common", "Selkie.Services.Aco.Common\Selkie.Services.Aco.Common.csproj", "{218C65B9-BEE1-435B-B769-F3B9D119B76F}"
EndProject
Project("{FAE04EC0-301F-11D3-BF4B-00C04F79EFBC}") = "Selkie.Services.Aco.Common.Tests", "Selkie.Services.Aco.Common.Tests\Selkie.Services.Aco.Common.Tests.csproj", "{2BAB6C17-24E7-4DF2-BBD7-FF1092ABF0D7}"
EndProject
Project("{FAE04EC0-301F-11D3-BF4B-00C04F79EFBC}") = "NuGet.Selkie.Services.Aco.Common", "NuGet.Selkie.Services.Aco.Common\NuGet.Selkie.Services.Aco.Common.csproj", "{6EA40BBA-74A9-4902-AC79-5B45522131CB}"
EndProject
Global
	GlobalSection(SolutionConfigurationPlatforms) = preSolution
		Debug|Any CPU = Debug|Any CPU
		Release|Any CPU = Release|Any CPU
	EndGlobalSection
	GlobalSection(ProjectConfigurationPlatforms) = postSolution
		{218C65B9-BEE1-435B-B769-F3B9D119B76F}.Debug|Any CPU.ActiveCfg = Debug|Any CPU
		{218C65B9-BEE1-435B-B769-F3B9D119B76F}.Debug|Any CPU.Build.0 = Debug|Any CPU
		{218C65B9-BEE1-435B-B769-F3B9D119B76F}.Release|Any CPU.ActiveCfg = Release|Any CPU
		{218C65B9-BEE1-435B-B769-F3B9D119B76F}.Release|Any CPU.Build.0 = Release|Any CPU
		{2BAB6C17-24E7-4DF2-BBD7-FF1092ABF0D7}.Debug|Any CPU.ActiveCfg = Debug|Any CPU
		{2BAB6C17-24E7-4DF2-BBD7-FF1092ABF0D7}.Debug|Any CPU.Build.0 = Debug|Any CPU
		{2BAB6C17-24E7-4DF2-BBD7-FF1092ABF0D7}.Release|Any CPU.ActiveCfg = Release|Any CPU
		{2BAB6C17-24E7-4DF2-BBD7-FF1092ABF0D7}.Release|Any CPU.Build.0 = Release|Any CPU
		{6EA40BBA-74A9-4902-AC79-5B45522131CB}.Debug|Any CPU.ActiveCfg = Debug|Any CPU
		{6EA40BBA-74A9-4902-AC79-5B45522131CB}.Debug|Any CPU.Build.0 = Debug|Any CPU
		{6EA40BBA-74A9-4902-AC79-5B45522131CB}.Release|Any CPU.ActiveCfg = Release|Any CPU
		{6EA40BBA-74A9-4902-AC79-5B45522131CB}.Release|Any CPU.Build.0 = Release|Any CPU
	EndGlobalSection
	GlobalSection(SolutionProperties) = preSolution
		HideSolutionNode = FALSE
	EndGlobalSection
EndGlobal
